github.com/Hubmakerlabs/replicatr v1.0.11 h1:drrfu+0XAPXCQBLlP7xJ/aoDLfXpVKM8ri1VSXxVONM=
github.com/Hubmakerlabs/replicatr v1.0.11/go.mod h1:Tl4bfe8UZbMlCD7dR9kg5pyeFgEKP0oHuK6waB7BBRQ=
github.com/aead/chacha20 v0.0.0-20180709150244-8b13a72661da h1:KjTM2ks9d14ZYCvmHS9iAKVt9AyzRSqNU1qabPih5BY=
github.com/alexflint/go-arg v1.4.3 h1:9rwwEBpMXfKQKceuZfYcwuc/7YY7tWJbFsgG5cAU/uo=
github.com/alexflint/go-arg v1.4.3/go.mod h1:3PZ/wp/8HuqRZMUUgu7I+e1qcpUbvmS258mRXkFH4IA=
github.com/alexflint/go-scalar v1.1.0 h1:aaAouLLzI9TChcPXotr6gUhq+Scr8rl0P9P4PnltbhM=
github.com/alexflint/go-scalar v1.1.0/go.mod h1:LoFvNMqS1CPrMVltza4LvnGKhaSpc3oyLEBUZVhhS2o=
github.com/davecgh/go-spew v1.1.0/go.mod h1:J7Y8YcW2NihsgmVo/mv3lAwl/skON4iLHjSsI+c5H38=
github.com/davecgh/go-spew v1.1.1 h1:vj9j/u1bqnvCEfJOwUhtlOARqs3+rkHYY13jYWTU97c=
github.com/davecgh/go-spew v1.1.1/go.mod h1:J7Y8YcW2NihsgmVo/mv3lAwl/skON4iLHjSsI+c5H38=
github.com/gookit/color v1.5.4 h1:FZmqs7XOyGgCAxmWyPslpiok1k05wmY3SJTytgvYFs0=
github.com/gookit/color v1.5.4/go.mod h1:pZJOeOS8DM43rXbp4AZo1n9zCU2qjpcRko0b6/QJi9w=
github.com/kardianos/osext v0.0.0-20190222173326-2bc1f35cddc0 h1:iQTw/8FWTuc7uiaSepXwyf3o52HaUYcV+Tu66S3F5GA=
github.com/kardianos/osext v0.0.0-20190222173326-2bc1f35cddc0/go.mod h1:1NbS8ALrpOvjt0rHPNLyCIeMtbizbir8U//inJ+zuB8=
github.com/klauspost/cpuid/v2 v2.2.6 h1:ndNyv040zDGIDh8thGkXYjnFtiN02M1PVVF+JE/48xc=
github.com/klauspost/cpuid/v2 v2.2.6/go.mod h1:Lcz8mBdAVJIBVzewtcLocK12l3Y+JytZYpaMropDUws=
github.com/minio/sha256-simd v1.0.1 h1:6kaan5IFmwTNynnKKpDHe6FWHohJOHhCPchzK49dzMM=
github.com/minio/sha256-simd v1.0.1/go.mod h1:Pz6AKMiUdngCLpeTL/RJY1M9rUuPMYujV5xJjtbRSN8=
github.com/pmezard/go-difflib v1.0.0 h1:4DBwDE0NGyQoBHbLQYPwSUPoCMWR5BEzIk/f1lZbAQM=
github.com/pmezard/go-difflib v1.0.0/go.mod h1:iKH77koFhYxTK1pcRnkKkqfTogsbg7gZNVY4sRDYZ/4=
github.com/stretchr/objx v0.1.0/go.mod h1:HFkY916IF+rwdDfMAkV7OtwuqBVzrE8GR6GFx+wExME=
github.com/stretchr/testify v1.2.2/go.mod h1:a8OnRcib4nhh0OaRAV+Yts87kKdq0PP7pXfy6kDkUVs=
github.com/stretchr/testify v1.7.0/go.mod h1:6Fq8oRcR53rry900zMqJjRRixrwX3KX962/h/Wwjteg=
github.com/stretchr/testify v1.8.4 h1:CcVxjf3Q8PM0mHUKJCdn+eZZtm5yQwehR5yeSVQQcUk=
github.com/xo/terminfo v0.0.0-20210125001918-ca9a967f8778 h1:QldyIu/L63oPpyvQmHgvgickp1Yw510KJOqX7H24mg8=
github.com/xo/terminfo v0.0.0-20210125001918-ca9a967f8778/go.mod h1:2MuV+tbUrU1zIOPMxZ5EncGwgmMJsa+9ucAQZXxsObs=
golang.org/x/sys v0.5.0/go.mod h1:oPkhp1MJrh7nUepCBck5+mAzfO9JrbApNNgaTdGDITg=
golang.org/x/sys v0.16.0 h1:xWw16ngr6ZMtmxDyKyIgsE93KNKz5HKmMa3b8ALHidU=
golang.org/x/sys v0.16.0/go.mod h1:/VUhepiaJMQUp4+oa/7Zr1D23ma6VTLIYjOOTFZPUcA=
gopkg.in/check.v1 v0.0.0-20161208181325-20d25e280405/go.mod h1:Co6ibVJAznAaIkqp8huTwlJQCZ016jof/cbN4VW5Yz0=
gopkg.in/yaml.v3 v3.0.0-20200313102051-9f266ea9e77c/go.mod h1:K4uyk7z7BCEPqu6E+C64Yfv1cQ7kz7rIZviUmN+EgEM=
gopkg.in/yaml.v3 v3.0.1 h1:fxVm/GzAzEWqLHuvctI91KS9hhNmmWOoWu0XTYJS7CA=
lukechampine.com/frand v1.4.2 h1:RzFIpOvkMXuPMBb9maa4ND4wjBn71E1Jpf8BzJHMaVw=
mleku.online/git/atomic v1.11.3 h1:r30PFqbKdrRMh4Bz3cX7xuxMklCdXTRrMZSa9p7wQm4=
mleku.online/git/atomic v1.11.3/go.mod h1:AIgQHERgBYUyS15MkzMima1c5rpNXdV0b1CoATM+CnM=
mleku.online/git/bech32 v1.0.4 h1:+JSSwkOoQ2ab00hnqc/s1cmXaBl2LsIIHxVZbPEQrBY=
mleku.online/git/bech32 v1.0.4/go.mod h1:2t4WZPp4Ho1KXjyBByfRIPiqu4uIzmLqR2DPyZkDzRc=
mleku.online/git/ec v1.0.6 h1:QUVWjlH9Z0i4sUUSkPLxgki/soHs/9FJQWlG70HOTCM=
mleku.online/git/ec v1.0.6/go.mod h1:iM5I67eKLjPj6jg5+Il3Lxpi534vRh4tFF6wyqtJZM8=
mleku.online/git/interrupt v1.0.0 h1:kZmth/xzoI2HCf23gNqEswNqGoAweSJzSXY57GHeaIA=
mleku.online/git/interrupt v1.0.0/go.mod h1:TIv7H2VXVHYiy3s0j2Ga3enC1w3N9+V7YcWIU8sd0pY=
mleku.online/git/log v1.0.4 h1:gcuwgl1PqHki3/fmPSOA5E1vjBZnB2km2JispODfvO0=
mleku.online/git/log v1.0.4/go.mod h1:xvcyMwOiR5WTEwako1prefs1uVelNtVIOsu1skS3Lxs=
mleku.online/git/qu v1.0.5 h1:T5KE5T99oTZrUcbgrt3BPpDJFp1zzrdFTpXj/UDLnBQ=
mleku.online/git/qu v1.0.5/go.mod h1:14GVBjFRVEBAWDyFB1abnv1hgxBH4FfTCYkz974Wef8=
mleku.online/git/slog v1.0.0 h1:UH4Qw7YayMcDYE8Vav+VU7GEbfJqaB2eV8eEbOLF3N4=
mleku.online/git/slog v1.0.0/go.mod h1:TKTSYxfcWioRStow7JlDfqFw7Fu63uPxZuzADOeSC58=
